
Microsoft Visual Studio Solution File, Format Version 12.00
# Visual Studio Version 17
VisualStudioVersion = 17.9.34902.65
MinimumVisualStudioVersion = 10.0.40219.1
Project("{FAE04EC0-301F-11D3-BF4B-00C04F79EFBC}") = "indieSales", "indieSales\indieSales.csproj", "{E1169EA8-1EB4-44D1-AF49-324E3B20484F}"
EndProject
Global
	GlobalSection(SolutionConfigurationPlatforms) = preSolution
		Debug|Any CPU = Debug|Any CPU
		Release|Any CPU = Release|Any CPU
	EndGlobalSection
	GlobalSection(ProjectConfigurationPlatforms) = postSolution
		{E1169EA8-1EB4-44D1-AF49-324E3B20484F}.Debug|Any CPU.ActiveCfg = Debug|Any CPU
		{E1169EA8-1EB4-44D1-AF49-324E3B20484F}.Debug|Any CPU.Build.0 = Debug|Any CPU
		{E1169EA8-1EB4-44D1-AF49-324E3B20484F}.Release|Any CPU.ActiveCfg = Release|Any CPU
		{E1169EA8-1EB4-44D1-AF49-324E3B20484F}.Release|Any CPU.Build.0 = Release|Any CPU
	EndGlobalSection
	GlobalSection(SolutionProperties) = preSolution
		HideSolutionNode = FALSE
	EndGlobalSection
	GlobalSection(ExtensibilityGlobals) = postSolution
		SolutionGuid = {040722C3-3534-4993-9770-9DC6CD04E973}
	EndGlobalSection
EndGlobal
